
Microsoft Visual Studio Solution File, Format Version 12.00
# Visual Studio Version 16
VisualStudioVersion = 16.0.29905.134
MinimumVisualStudioVersion = 10.0.40219.1
Project("{9A19103F-16F7-4668-BE54-9A1E7A4F7556}") = "CifrasBlazorApp", "CifrasBlazorApp\CifrasBlazorApp.csproj", "{5A543596-5022-414F-AE02-9A67FDE2682F}"
EndProject
Project("{FAE04EC0-301F-11D3-BF4B-00C04F79EFBC}") = "Cifras.Core", "Cifras.Core\Cifras.Core.csproj", "{076EACB9-9122-457C-85EF-00D63591F94D}"
EndProject
Project("{FAE04EC0-301F-11D3-BF4B-00C04F79EFBC}") = "Cifra.Console", "Cifra.Console\Cifra.Console.csproj", "{76EFC7EE-1B47-47C1-9981-043A1F154165}"
EndProject
Project("{FAE04EC0-301F-11D3-BF4B-00C04F79EFBC}") = "Cifras.Text", "Cifras.Text\Cifras.Text.csproj", "{E73B3154-9880-4242-96F1-794512D68ECA}"
EndProject
Global
	GlobalSection(SolutionConfigurationPlatforms) = preSolution
		Debug|Any CPU = Debug|Any CPU
		Release|Any CPU = Release|Any CPU
	EndGlobalSection
	GlobalSection(ProjectConfigurationPlatforms) = postSolution
		{5A543596-5022-414F-AE02-9A67FDE2682F}.Debug|Any CPU.ActiveCfg = Debug|Any CPU
		{5A543596-5022-414F-AE02-9A67FDE2682F}.Debug|Any CPU.Build.0 = Debug|Any CPU
		{5A543596-5022-414F-AE02-9A67FDE2682F}.Release|Any CPU.ActiveCfg = Release|Any CPU
		{5A543596-5022-414F-AE02-9A67FDE2682F}.Release|Any CPU.Build.0 = Release|Any CPU
		{076EACB9-9122-457C-85EF-00D63591F94D}.Debug|Any CPU.ActiveCfg = Debug|Any CPU
		{076EACB9-9122-457C-85EF-00D63591F94D}.Debug|Any CPU.Build.0 = Debug|Any CPU
		{076EACB9-9122-457C-85EF-00D63591F94D}.Release|Any CPU.ActiveCfg = Release|Any CPU
		{076EACB9-9122-457C-85EF-00D63591F94D}.Release|Any CPU.Build.0 = Release|Any CPU
		{76EFC7EE-1B47-47C1-9981-043A1F154165}.Debug|Any CPU.ActiveCfg = Debug|Any CPU
		{76EFC7EE-1B47-47C1-9981-043A1F154165}.Debug|Any CPU.Build.0 = Debug|Any CPU
		{76EFC7EE-1B47-47C1-9981-043A1F154165}.Release|Any CPU.ActiveCfg = Release|Any CPU
		{76EFC7EE-1B47-47C1-9981-043A1F154165}.Release|Any CPU.Build.0 = Release|Any CPU
		{E73B3154-9880-4242-96F1-794512D68ECA}.Debug|Any CPU.ActiveCfg = Debug|Any CPU
		{E73B3154-9880-4242-96F1-794512D68ECA}.Debug|Any CPU.Build.0 = Debug|Any CPU
		{E73B3154-9880-4242-96F1-794512D68ECA}.Release|Any CPU.ActiveCfg = Release|Any CPU
		{E73B3154-9880-4242-96F1-794512D68ECA}.Release|Any CPU.Build.0 = Release|Any CPU
	EndGlobalSection
	GlobalSection(SolutionProperties) = preSolution
		HideSolutionNode = FALSE
	EndGlobalSection
	GlobalSection(ExtensibilityGlobals) = postSolution
		SolutionGuid = {993F7A4E-D379-4D45-AD8B-C02E19F4CBBD}
	EndGlobalSection
EndGlobal
